
Microsoft Visual Studio Solution File, Format Version 12.00
# Visual Studio Version 16
VisualStudioVersion = 16.0.29519.87
MinimumVisualStudioVersion = 10.0.40219.1
Project("{888888A0-9F3D-457C-B088-3A5042F75D52}") = "THE_KILO_ APP", "THE_KILO_ APP\THE_KILO_ APP.pyproj", "{950890D5-78A4-4F8E-9840-2C15073ACBC3}"
EndProject
Global
	GlobalSection(SolutionConfigurationPlatforms) = preSolution
		Debug|Any CPU = Debug|Any CPU
		Release|Any CPU = Release|Any CPU
	EndGlobalSection
	GlobalSection(ProjectConfigurationPlatforms) = postSolution
		{950890D5-78A4-4F8E-9840-2C15073ACBC3}.Debug|Any CPU.ActiveCfg = Debug|Any CPU
		{950890D5-78A4-4F8E-9840-2C15073ACBC3}.Release|Any CPU.ActiveCfg = Release|Any CPU
	EndGlobalSection
	GlobalSection(SolutionProperties) = preSolution
		HideSolutionNode = FALSE
	EndGlobalSection
	GlobalSection(ExtensibilityGlobals) = postSolution
		SolutionGuid = {03B474DA-3C54-4A74-B77A-BDB891DA9A1A}
	EndGlobalSection
EndGlobal
